// !$*UTF8*$!
{
	archiveVersion = 1;
	classes = {
	};
	objectVersion = 77;
	objects = {

/* Begin PBXBuildFile section */
		886C680F2E9CADC40005D605 /* Color+Extensions.swift in Sources */ = {isa = PBXBuildFile; fileRef = 886C680E2E9CADBA0005D605 /* Color+Extensions.swift */; };
		886C68112E9CADF60005D605 /* Color.swift in Sources */ = {isa = PBXBuildFile; fileRef = 886C68102E9CADF30005D605 /* Color.swift */; };
		88EA9D702E99FBFB007B7CA3 /* CellBubleView.swift in Sources */ = {isa = PBXBuildFile; fileRef = 88EA9D6F2E99FBFB007B7CA3 /* CellBubleView.swift */; };
		8E5A04F62E989AFB00590CDB /* Assets.xcassets in Resources */ = {isa = PBXBuildFile; fileRef = 8E5A04F22E989AFB00590CDB /* Assets.xcassets */; };
		8E5A04F82E989AFB00590CDB /* prakiraan_cuacaApp.swift in Sources */ = {isa = PBXBuildFile; fileRef = 8E5A04F42E989AFB00590CDB /* prakiraan_cuacaApp.swift */; };
		8E5A04FE2E989C2C00590CDB /* UrlSessionManager.swift in Sources */ = {isa = PBXBuildFile; fileRef = 8E5A04FD2E989C2C00590CDB /* UrlSessionManager.swift */; };
		8E5A05002E98A1E500590CDB /* Errors.swift in Sources */ = {isa = PBXBuildFile; fileRef = 8E5A04FF2E98A1E100590CDB /* Errors.swift */; };
		8E5A05032E98B19C00590CDB /* BMKGAPI.swift in Sources */ = {isa = PBXBuildFile; fileRef = 8E5A05022E98B18800590CDB /* BMKGAPI.swift */; };
		8E5A05052E98B20800590CDB /* AreaAPI.swift in Sources */ = {isa = PBXBuildFile; fileRef = 8E5A05042E98B1FF00590CDB /* AreaAPI.swift */; };
		8E5A05072E98B51000590CDB /* Method.swift in Sources */ = {isa = PBXBuildFile; fileRef = 8E5A05062E98B50A00590CDB /* Method.swift */; };
		8E5A050B2E98B77600590CDB /* Constant.swift in Sources */ = {isa = PBXBuildFile; fileRef = 8E5A050A2E98B76500590CDB /* Constant.swift */; };
		8E5A05102E98B90400590CDB /* BMKGModel.swift in Sources */ = {isa = PBXBuildFile; fileRef = 8E5A050F2E98B90100590CDB /* BMKGModel.swift */; };
		8E5A05132E98BBC800590CDB /* AreaModel.swift in Sources */ = {isa = PBXBuildFile; fileRef = 8E5A05122E98BBC500590CDB /* AreaModel.swift */; };
		8E5A05152E98EE6200590CDB /* MainViewModel.swift in Sources */ = {isa = PBXBuildFile; fileRef = 8E5A05142E98EE5F00590CDB /* MainViewModel.swift */; };
		8E5A05172E98EE7600590CDB /* MainView.swift in Sources */ = {isa = PBXBuildFile; fileRef = 8E5A05162E98EE7600590CDB /* MainView.swift */; };
		8E5A05192E98EE8400590CDB /* DetailViewModel.swift in Sources */ = {isa = PBXBuildFile; fileRef = 8E5A05182E98EE8000590CDB /* DetailViewModel.swift */; };
		8E5A051B2E98EE9200590CDB /* DetailView.swift in Sources */ = {isa = PBXBuildFile; fileRef = 8E5A051A2E98EE9200590CDB /* DetailView.swift */; };
		8E5A051F2E98F54300590CDB /* Navigator.swift in Sources */ = {isa = PBXBuildFile; fileRef = 8E5A051E2E98F53E00590CDB /* Navigator.swift */; };
		8E5A05212E98F7D500590CDB /* ContentView.swift in Sources */ = {isa = PBXBuildFile; fileRef = 8E5A05202E98F7D200590CDB /* ContentView.swift */; };
		8E5A05232E98F8E100590CDB /* CustomBackButton.swift in Sources */ = {isa = PBXBuildFile; fileRef = 8E5A05222E98F8D800590CDB /* CustomBackButton.swift */; };
		8E5A05312E99033F00590CDB /* CustomFieldView.swift in Sources */ = {isa = PBXBuildFile; fileRef = 8E5A05302E99033F00590CDB /* CustomFieldView.swift */; };
		8ECF21542E9DF3F80044369D /* WeatherCardView.swift in Sources */ = {isa = PBXBuildFile; fileRef = 8ECF21532E9DF3F80044369D /* WeatherCardView.swift */; };
		8ECF21572E9DFD510044369D /* CustomImageView.swift in Sources */ = {isa = PBXBuildFile; fileRef = 8ECF21562E9DFD510044369D /* CustomImageView.swift */; };
		8ECF21682E9E3DBB0044369D /* ImageCache.swift in Sources */ = {isa = PBXBuildFile; fileRef = 8ECF21672E9E3DB80044369D /* ImageCache.swift */; };
		8ECF216C2E9E45AB0044369D /* Date+Extensions.swift in Sources */ = {isa = PBXBuildFile; fileRef = 8ECF216B2E9E45A40044369D /* Date+Extensions.swift */; };
		8ECF216E2E9E4CB10044369D /* Double+Extensions.swift in Sources */ = {isa = PBXBuildFile; fileRef = 8ECF216D2E9E4CAA0044369D /* Double+Extensions.swift */; };
		8ECF21722E9F304A0044369D /* SwiftDraw in Frameworks */ = {isa = PBXBuildFile; productRef = 8ECF21712E9F304A0044369D /* SwiftDraw */; };
/* End PBXBuildFile section */

/* Begin PBXContainerItemProxy section */
		8EDB497C2E98995F001D8733 /* PBXContainerItemProxy */ = {
			isa = PBXContainerItemProxy;
			containerPortal = 8EDB49632E98995D001D8733 /* Project object */;
			proxyType = 1;
			remoteGlobalIDString = 8EDB496A2E98995D001D8733;
			remoteInfo = "prakiraan-cuaca";
		};
		8EDB49862E98995F001D8733 /* PBXContainerItemProxy */ = {
			isa = PBXContainerItemProxy;
			containerPortal = 8EDB49632E98995D001D8733 /* Project object */;
			proxyType = 1;
			remoteGlobalIDString = 8EDB496A2E98995D001D8733;
			remoteInfo = "prakiraan-cuaca";
		};
/* End PBXContainerItemProxy section */

/* Begin PBXFileReference section */
		886C680E2E9CADBA0005D605 /* Color+Extensions.swift */ = {isa = PBXFileReference; lastKnownFileType = sourcecode.swift; path = "Color+Extensions.swift"; sourceTree = "<group>"; };
		886C68102E9CADF30005D605 /* Color.swift */ = {isa = PBXFileReference; lastKnownFileType = sourcecode.swift; path = Color.swift; sourceTree = "<group>"; };
		88EA9D6F2E99FBFB007B7CA3 /* CellBubleView.swift */ = {isa = PBXFileReference; lastKnownFileType = sourcecode.swift; path = CellBubleView.swift; sourceTree = "<group>"; };
		8E5A04F22E989AFB00590CDB /* Assets.xcassets */ = {isa = PBXFileReference; lastKnownFileType = folder.assetcatalog; path = Assets.xcassets; sourceTree = "<group>"; };
		8E5A04F42E989AFB00590CDB /* prakiraan_cuacaApp.swift */ = {isa = PBXFileReference; lastKnownFileType = sourcecode.swift; path = prakiraan_cuacaApp.swift; sourceTree = "<group>"; };
		8E5A04FD2E989C2C00590CDB /* UrlSessionManager.swift */ = {isa = PBXFileReference; lastKnownFileType = sourcecode.swift; path = UrlSessionManager.swift; sourceTree = "<group>"; };
		8E5A04FF2E98A1E100590CDB /* Errors.swift */ = {isa = PBXFileReference; lastKnownFileType = sourcecode.swift; path = Errors.swift; sourceTree = "<group>"; };
		8E5A05022E98B18800590CDB /* BMKGAPI.swift */ = {isa = PBXFileReference; lastKnownFileType = sourcecode.swift; path = BMKGAPI.swift; sourceTree = "<group>"; };
		8E5A05042E98B1FF00590CDB /* AreaAPI.swift */ = {isa = PBXFileReference; lastKnownFileType = sourcecode.swift; path = AreaAPI.swift; sourceTree = "<group>"; };
		8E5A05062E98B50A00590CDB /* Method.swift */ = {isa = PBXFileReference; lastKnownFileType = sourcecode.swift; path = Method.swift; sourceTree = "<group>"; };
		8E5A050A2E98B76500590CDB /* Constant.swift */ = {isa = PBXFileReference; lastKnownFileType = sourcecode.swift; path = Constant.swift; sourceTree = "<group>"; };
		8E5A050F2E98B90100590CDB /* BMKGModel.swift */ = {isa = PBXFileReference; lastKnownFileType = sourcecode.swift; path = BMKGModel.swift; sourceTree = "<group>"; };
		8E5A05122E98BBC500590CDB /* AreaModel.swift */ = {isa = PBXFileReference; lastKnownFileType = sourcecode.swift; path = AreaModel.swift; sourceTree = "<group>"; };
		8E5A05142E98EE5F00590CDB /* MainViewModel.swift */ = {isa = PBXFileReference; lastKnownFileType = sourcecode.swift; path = MainViewModel.swift; sourceTree = "<group>"; };
		8E5A05162E98EE7600590CDB /* MainView.swift */ = {isa = PBXFileReference; lastKnownFileType = sourcecode.swift; path = MainView.swift; sourceTree = "<group>"; };
		8E5A05182E98EE8000590CDB /* DetailViewModel.swift */ = {isa = PBXFileReference; lastKnownFileType = sourcecode.swift; path = DetailViewModel.swift; sourceTree = "<group>"; };
		8E5A051A2E98EE9200590CDB /* DetailView.swift */ = {isa = PBXFileReference; lastKnownFileType = sourcecode.swift; path = DetailView.swift; sourceTree = "<group>"; };
		8E5A051E2E98F53E00590CDB /* Navigator.swift */ = {isa = PBXFileReference; lastKnownFileType = sourcecode.swift; path = Navigator.swift; sourceTree = "<group>"; };
		8E5A05202E98F7D200590CDB /* ContentView.swift */ = {isa = PBXFileReference; lastKnownFileType = sourcecode.swift; path = ContentView.swift; sourceTree = "<group>"; };
		8E5A05222E98F8D800590CDB /* CustomBackButton.swift */ = {isa = PBXFileReference; lastKnownFileType = sourcecode.swift; path = CustomBackButton.swift; sourceTree = "<group>"; };
		8E5A05302E99033F00590CDB /* CustomFieldView.swift */ = {isa = PBXFileReference; lastKnownFileType = sourcecode.swift; path = CustomFieldView.swift; sourceTree = "<group>"; };
		8ECF21532E9DF3F80044369D /* WeatherCardView.swift */ = {isa = PBXFileReference; lastKnownFileType = sourcecode.swift; path = WeatherCardView.swift; sourceTree = "<group>"; };
		8ECF21562E9DFD510044369D /* CustomImageView.swift */ = {isa = PBXFileReference; lastKnownFileType = sourcecode.swift; path = CustomImageView.swift; sourceTree = "<group>"; };
		8ECF21672E9E3DB80044369D /* ImageCache.swift */ = {isa = PBXFileReference; lastKnownFileType = sourcecode.swift; path = ImageCache.swift; sourceTree = "<group>"; };
		8ECF216B2E9E45A40044369D /* Date+Extensions.swift */ = {isa = PBXFileReference; lastKnownFileType = sourcecode.swift; path = "Date+Extensions.swift"; sourceTree = "<group>"; };
		8ECF216D2E9E4CAA0044369D /* Double+Extensions.swift */ = {isa = PBXFileReference; lastKnownFileType = sourcecode.swift; path = "Double+Extensions.swift"; sourceTree = "<group>"; };
		8EDB496B2E98995D001D8733 /* prakiraan-cuaca.app */ = {isa = PBXFileReference; explicitFileType = wrapper.application; includeInIndex = 0; path = "prakiraan-cuaca.app"; sourceTree = BUILT_PRODUCTS_DIR; };
		8EDB497B2E98995F001D8733 /* prakiraan-cuacaTests.xctest */ = {isa = PBXFileReference; explicitFileType = wrapper.cfbundle; includeInIndex = 0; path = "prakiraan-cuacaTests.xctest"; sourceTree = BUILT_PRODUCTS_DIR; };
		8EDB49852E98995F001D8733 /* prakiraan-cuacaUITests.xctest */ = {isa = PBXFileReference; explicitFileType = wrapper.cfbundle; includeInIndex = 0; path = "prakiraan-cuacaUITests.xctest"; sourceTree = BUILT_PRODUCTS_DIR; };
/* End PBXFileReference section */

/* Begin PBXFileSystemSynchronizedRootGroup section */
		8EDB497E2E98995F001D8733 /* prakiraan-cuacaTests */ = {
			isa = PBXFileSystemSynchronizedRootGroup;
			path = "prakiraan-cuacaTests";
			sourceTree = "<group>";
		};
		8EDB49882E98995F001D8733 /* prakiraan-cuacaUITests */ = {
			isa = PBXFileSystemSynchronizedRootGroup;
			path = "prakiraan-cuacaUITests";
			sourceTree = "<group>";
		};
/* End PBXFileSystemSynchronizedRootGroup section */

/* Begin PBXFrameworksBuildPhase section */
		8EDB49682E98995D001D8733 /* Frameworks */ = {
			isa = PBXFrameworksBuildPhase;
			buildActionMask = 2147483647;
			files = (
				8ECF21722E9F304A0044369D /* SwiftDraw in Frameworks */,
			);
			runOnlyForDeploymentPostprocessing = 0;
		};
		8EDB49782E98995F001D8733 /* Frameworks */ = {
			isa = PBXFrameworksBuildPhase;
			buildActionMask = 2147483647;
			files = (
			);
			runOnlyForDeploymentPostprocessing = 0;
		};
		8EDB49822E98995F001D8733 /* Frameworks */ = {
			isa = PBXFrameworksBuildPhase;
			buildActionMask = 2147483647;
			files = (
			);
			runOnlyForDeploymentPostprocessing = 0;
		};
/* End PBXFrameworksBuildPhase section */

/* Begin PBXGroup section */
		886C680D2E9CADB30005D605 /* Extensions */ = {
			isa = PBXGroup;
			children = (
				8ECF216D2E9E4CAA0044369D /* Double+Extensions.swift */,
				8ECF216B2E9E45A40044369D /* Date+Extensions.swift */,
				886C680E2E9CADBA0005D605 /* Color+Extensions.swift */,
			);
			path = Extensions;
			sourceTree = "<group>";
		};
		8E5A04F52E989AFB00590CDB /* prakiraan-cuaca */ = {
			isa = PBXGroup;
			children = (
				886C680D2E9CADB30005D605 /* Extensions */,
				8E5A051C2E98F05E00590CDB /* Component */,
				8E5A05092E98B74E00590CDB /* Constant */,
				8E5A05012E98B18000590CDB /* API */,
				8E5A04FA2E989B1500590CDB /* Manager */,
				8E5A04F92E989B0000590CDB /* Module */,
				8E5A04F22E989AFB00590CDB /* Assets.xcassets */,
				8E5A05202E98F7D200590CDB /* ContentView.swift */,
				8E5A04F42E989AFB00590CDB /* prakiraan_cuacaApp.swift */,
			);
			path = "prakiraan-cuaca";
			sourceTree = "<group>";
		};
		8E5A04F92E989B0000590CDB /* Module */ = {
			isa = PBXGroup;
			children = (
				8E5A050D2E98B8F000590CDB /* Detail */,
				8E5A050C2E98B8EA00590CDB /* Main */,
			);
			path = Module;
			sourceTree = "<group>";
		};
		8E5A04FA2E989B1500590CDB /* Manager */ = {
			isa = PBXGroup;
			children = (
				8E5A04FC2E989B6600590CDB /* Networking */,
				8E5A04FB2E989B6100590CDB /* Router */,
			);
			path = Manager;
			sourceTree = "<group>";
		};
		8E5A04FB2E989B6100590CDB /* Router */ = {
			isa = PBXGroup;
			children = (
				8E5A051E2E98F53E00590CDB /* Navigator.swift */,
			);
			path = Router;
			sourceTree = "<group>";
		};
		8E5A04FC2E989B6600590CDB /* Networking */ = {
			isa = PBXGroup;
			children = (
				8ECF21672E9E3DB80044369D /* ImageCache.swift */,
				8E5A04FD2E989C2C00590CDB /* UrlSessionManager.swift */,
				8E5A05062E98B50A00590CDB /* Method.swift */,
				8E5A04FF2E98A1E100590CDB /* Errors.swift */,
			);
			path = Networking;
			sourceTree = "<group>";
		};
		8E5A05012E98B18000590CDB /* API */ = {
			isa = PBXGroup;
			children = (
				8E5A05042E98B1FF00590CDB /* AreaAPI.swift */,
				8E5A05022E98B18800590CDB /* BMKGAPI.swift */,
			);
			path = API;
			sourceTree = "<group>";
		};
		8E5A05092E98B74E00590CDB /* Constant */ = {
			isa = PBXGroup;
			children = (
				886C68102E9CADF30005D605 /* Color.swift */,
				8E5A050A2E98B76500590CDB /* Constant.swift */,
			);
			path = Constant;
			sourceTree = "<group>";
		};
		8E5A050C2E98B8EA00590CDB /* Main */ = {
			isa = PBXGroup;
			children = (
				8E5A05112E98B95100590CDB /* Model */,
				8E5A05162E98EE7600590CDB /* MainView.swift */,
				8E5A05142E98EE5F00590CDB /* MainViewModel.swift */,
			);
			path = Main;
			sourceTree = "<group>";
		};
		8E5A050D2E98B8F000590CDB /* Detail */ = {
			isa = PBXGroup;
			children = (
				8ECF21552E9DF59B0044369D /* View */,
				8E5A050E2E98B8F400590CDB /* Model */,
				8E5A051A2E98EE9200590CDB /* DetailView.swift */,
				8E5A05182E98EE8000590CDB /* DetailViewModel.swift */,
			);
			path = Detail;
			sourceTree = "<group>";
		};
		8E5A050E2E98B8F400590CDB /* Model */ = {
			isa = PBXGroup;
			children = (
				8E5A050F2E98B90100590CDB /* BMKGModel.swift */,
			);
			path = Model;
			sourceTree = "<group>";
		};
		8E5A05112E98B95100590CDB /* Model */ = {
			isa = PBXGroup;
			children = (
				8E5A05122E98BBC500590CDB /* AreaModel.swift */,
			);
			path = Model;
			sourceTree = "<group>";
		};
		8E5A051C2E98F05E00590CDB /* Component */ = {
			isa = PBXGroup;
			children = (
				8E5A051D2E98F06400590CDB /* View */,
			);
			path = Component;
			sourceTree = "<group>";
		};
		8E5A051D2E98F06400590CDB /* View */ = {
			isa = PBXGroup;
			children = (
				8E5A05222E98F8D800590CDB /* CustomBackButton.swift */,
				8E5A05302E99033F00590CDB /* CustomFieldView.swift */,
				88EA9D6F2E99FBFB007B7CA3 /* CellBubleView.swift */,
				8ECF21562E9DFD510044369D /* CustomImageView.swift */,
			);
			path = View;
			sourceTree = "<group>";
		};
		8ECF21552E9DF59B0044369D /* View */ = {
			isa = PBXGroup;
			children = (
				8ECF21532E9DF3F80044369D /* WeatherCardView.swift */,
			);
			path = View;
			sourceTree = "<group>";
		};
		8EDB49622E98995D001D8733 = {
			isa = PBXGroup;
			children = (
				8E5A04F52E989AFB00590CDB /* prakiraan-cuaca */,
				8EDB497E2E98995F001D8733 /* prakiraan-cuacaTests */,
				8EDB49882E98995F001D8733 /* prakiraan-cuacaUITests */,
				8EDB496C2E98995D001D8733 /* Products */,
			);
			sourceTree = "<group>";
		};
		8EDB496C2E98995D001D8733 /* Products */ = {
			isa = PBXGroup;
			children = (
				8EDB496B2E98995D001D8733 /* prakiraan-cuaca.app */,
				8EDB497B2E98995F001D8733 /* prakiraan-cuacaTests.xctest */,
				8EDB49852E98995F001D8733 /* prakiraan-cuacaUITests.xctest */,
			);
			name = Products;
			sourceTree = "<group>";
		};
/* End PBXGroup section */

/* Begin PBXNativeTarget section */
		8EDB496A2E98995D001D8733 /* prakiraan-cuaca */ = {
			isa = PBXNativeTarget;
			buildConfigurationList = 8EDB498F2E98995F001D8733 /* Build configuration list for PBXNativeTarget "prakiraan-cuaca" */;
			buildPhases = (
				8EDB49672E98995D001D8733 /* Sources */,
				8EDB49682E98995D001D8733 /* Frameworks */,
				8EDB49692E98995D001D8733 /* Resources */,
			);
			buildRules = (
			);
			dependencies = (
			);
			name = "prakiraan-cuaca";
			packageProductDependencies = (
				8ECF21712E9F304A0044369D /* SwiftDraw */,
			);
			productName = "prakiraan-cuaca";
			productReference = 8EDB496B2E98995D001D8733 /* prakiraan-cuaca.app */;
			productType = "com.apple.product-type.application";
		};
		8EDB497A2E98995F001D8733 /* prakiraan-cuacaTests */ = {
			isa = PBXNativeTarget;
			buildConfigurationList = 8EDB49922E98995F001D8733 /* Build configuration list for PBXNativeTarget "prakiraan-cuacaTests" */;
			buildPhases = (
				8EDB49772E98995F001D8733 /* Sources */,
				8EDB49782E98995F001D8733 /* Frameworks */,
				8EDB49792E98995F001D8733 /* Resources */,
			);
			buildRules = (
			);
			dependencies = (
				8EDB497D2E98995F001D8733 /* PBXTargetDependency */,
			);
			fileSystemSynchronizedGroups = (
				8EDB497E2E98995F001D8733 /* prakiraan-cuacaTests */,
			);
			name = "prakiraan-cuacaTests";
			packageProductDependencies = (
			);
			productName = "prakiraan-cuacaTests";
			productReference = 8EDB497B2E98995F001D8733 /* prakiraan-cuacaTests.xctest */;
			productType = "com.apple.product-type.bundle.unit-test";
		};
		8EDB49842E98995F001D8733 /* prakiraan-cuacaUITests */ = {
			isa = PBXNativeTarget;
			buildConfigurationList = 8EDB49952E98995F001D8733 /* Build configuration list for PBXNativeTarget "prakiraan-cuacaUITests" */;
			buildPhases = (
				8EDB49812E98995F001D8733 /* Sources */,
				8EDB49822E98995F001D8733 /* Frameworks */,
				8EDB49832E98995F001D8733 /* Resources */,
			);
			buildRules = (
			);
			dependencies = (
				8EDB49872E98995F001D8733 /* PBXTargetDependency */,
			);
			fileSystemSynchronizedGroups = (
				8EDB49882E98995F001D8733 /* prakiraan-cuacaUITests */,
			);
			name = "prakiraan-cuacaUITests";
			packageProductDependencies = (
			);
			productName = "prakiraan-cuacaUITests";
			productReference = 8EDB49852E98995F001D8733 /* prakiraan-cuacaUITests.xctest */;
			productType = "com.apple.product-type.bundle.ui-testing";
		};
/* End PBXNativeTarget section */

/* Begin PBXProject section */
		8EDB49632E98995D001D8733 /* Project object */ = {
			isa = PBXProject;
			attributes = {
				BuildIndependentTargetsInParallel = 1;
				LastSwiftUpdateCheck = 1620;
				LastUpgradeCheck = 1620;
				TargetAttributes = {
					8EDB496A2E98995D001D8733 = {
						CreatedOnToolsVersion = 16.2;
					};
					8EDB497A2E98995F001D8733 = {
						CreatedOnToolsVersion = 16.2;
						TestTargetID = 8EDB496A2E98995D001D8733;
					};
					8EDB49842E98995F001D8733 = {
						CreatedOnToolsVersion = 16.2;
						TestTargetID = 8EDB496A2E98995D001D8733;
					};
				};
			};
			buildConfigurationList = 8EDB49662E98995D001D8733 /* Build configuration list for PBXProject "prakiraan-cuaca" */;
			developmentRegion = en;
			hasScannedForEncodings = 0;
			knownRegions = (
				en,
				Base,
			);
			mainGroup = 8EDB49622E98995D001D8733;
			minimizedProjectReferenceProxies = 1;
			packageReferences = (
				8ECF21702E9F304A0044369D /* XCRemoteSwiftPackageReference "SwiftDraw" */,
			);
			preferredProjectObjectVersion = 77;
			productRefGroup = 8EDB496C2E98995D001D8733 /* Products */;
			projectDirPath = "";
			projectRoot = "";
			targets = (
				8EDB496A2E98995D001D8733 /* prakiraan-cuaca */,
				8EDB497A2E98995F001D8733 /* prakiraan-cuacaTests */,
				8EDB49842E98995F001D8733 /* prakiraan-cuacaUITests */,
			);
		};
/* End PBXProject section */

/* Begin PBXResourcesBuildPhase section */
		8EDB49692E98995D001D8733 /* Resources */ = {
			isa = PBXResourcesBuildPhase;
			buildActionMask = 2147483647;
			files = (
				8E5A04F62E989AFB00590CDB /* Assets.xcassets in Resources */,
			);
			runOnlyForDeploymentPostprocessing = 0;
		};
		8EDB49792E98995F001D8733 /* Resources */ = {
			isa = PBXResourcesBuildPhase;
			buildActionMask = 2147483647;
			files = (
			);
			runOnlyForDeploymentPostprocessing = 0;
		};
		8EDB49832E98995F001D8733 /* Resources */ = {
			isa = PBXResourcesBuildPhase;
			buildActionMask = 2147483647;
			files = (
			);
			runOnlyForDeploymentPostprocessing = 0;
		};
/* End PBXResourcesBuildPhase section */

/* Begin PBXSourcesBuildPhase section */
		8EDB49672E98995D001D8733 /* Sources */ = {
			isa = PBXSourcesBuildPhase;
			buildActionMask = 2147483647;
			files = (
				8E5A05032E98B19C00590CDB /* BMKGAPI.swift in Sources */,
				8E5A05052E98B20800590CDB /* AreaAPI.swift in Sources */,
				8E5A05002E98A1E500590CDB /* Errors.swift in Sources */,
				88EA9D702E99FBFB007B7CA3 /* CellBubleView.swift in Sources */,
				8E5A05102E98B90400590CDB /* BMKGModel.swift in Sources */,
				8E5A050B2E98B77600590CDB /* Constant.swift in Sources */,
				8E5A04F82E989AFB00590CDB /* prakiraan_cuacaApp.swift in Sources */,
				8ECF21572E9DFD510044369D /* CustomImageView.swift in Sources */,
				8ECF21542E9DF3F80044369D /* WeatherCardView.swift in Sources */,
				8E5A05152E98EE6200590CDB /* MainViewModel.swift in Sources */,
				8E5A051F2E98F54300590CDB /* Navigator.swift in Sources */,
				8E5A051B2E98EE9200590CDB /* DetailView.swift in Sources */,
				8E5A05232E98F8E100590CDB /* CustomBackButton.swift in Sources */,
				8E5A05192E98EE8400590CDB /* DetailViewModel.swift in Sources */,
				8E5A05172E98EE7600590CDB /* MainView.swift in Sources */,
				8ECF21682E9E3DBB0044369D /* ImageCache.swift in Sources */,
				886C68112E9CADF60005D605 /* Color.swift in Sources */,
				8ECF216C2E9E45AB0044369D /* Date+Extensions.swift in Sources */,
				8E5A05312E99033F00590CDB /* CustomFieldView.swift in Sources */,
				8ECF216E2E9E4CB10044369D /* Double+Extensions.swift in Sources */,
				8E5A05212E98F7D500590CDB /* ContentView.swift in Sources */,
				8E5A05132E98BBC800590CDB /* AreaModel.swift in Sources */,
				886C680F2E9CADC40005D605 /* Color+Extensions.swift in Sources */,
				8E5A05072E98B51000590CDB /* Method.swift in Sources */,
				8E5A04FE2E989C2C00590CDB /* UrlSessionManager.swift in Sources */,
			);
			runOnlyForDeploymentPostprocessing = 0;
		};
		8EDB49772E98995F001D8733 /* Sources */ = {
			isa = PBXSourcesBuildPhase;
			buildActionMask = 2147483647;
			files = (
			);
			runOnlyForDeploymentPostprocessing = 0;
		};
		8EDB49812E98995F001D8733 /* Sources */ = {
			isa = PBXSourcesBuildPhase;
			buildActionMask = 2147483647;
			files = (
			);
			runOnlyForDeploymentPostprocessing = 0;
		};
/* End PBXSourcesBuildPhase section */

/* Begin PBXTargetDependency section */
		8EDB497D2E98995F001D8733 /* PBXTargetDependency */ = {
			isa = PBXTargetDependency;
			target = 8EDB496A2E98995D001D8733 /* prakiraan-cuaca */;
			targetProxy = 8EDB497C2E98995F001D8733 /* PBXContainerItemProxy */;
		};
		8EDB49872E98995F001D8733 /* PBXTargetDependency */ = {
			isa = PBXTargetDependency;
			target = 8EDB496A2E98995D001D8733 /* prakiraan-cuaca */;
			targetProxy = 8EDB49862E98995F001D8733 /* PBXContainerItemProxy */;
		};
/* End PBXTargetDependency section */

/* Begin XCBuildConfiguration section */
		8EDB498D2E98995F001D8733 /* Debug */ = {
			isa = XCBuildConfiguration;
			buildSettings = {
				ALWAYS_SEARCH_USER_PATHS = NO;
				ASSETCATALOG_COMPILER_GENERATE_SWIFT_ASSET_SYMBOL_EXTENSIONS = YES;
				CLANG_ANALYZER_NONNULL = YES;
				CLANG_ANALYZER_NUMBER_OBJECT_CONVERSION = YES_AGGRESSIVE;
				CLANG_CXX_LANGUAGE_STANDARD = "gnu++20";
				CLANG_ENABLE_MODULES = YES;
				CLANG_ENABLE_OBJC_ARC = YES;
				CLANG_ENABLE_OBJC_WEAK = YES;
				CLANG_WARN_BLOCK_CAPTURE_AUTORELEASING = YES;
				CLANG_WARN_BOOL_CONVERSION = YES;
				CLANG_WARN_COMMA = YES;
				CLANG_WARN_CONSTANT_CONVERSION = YES;
				CLANG_WARN_DEPRECATED_OBJC_IMPLEMENTATIONS = YES;
				CLANG_WARN_DIRECT_OBJC_ISA_USAGE = YES_ERROR;
				CLANG_WARN_DOCUMENTATION_COMMENTS = YES;
				CLANG_WARN_EMPTY_BODY = YES;
				CLANG_WARN_ENUM_CONVERSION = YES;
				CLANG_WARN_INFINITE_RECURSION = YES;
				CLANG_WARN_INT_CONVERSION = YES;
				CLANG_WARN_NON_LITERAL_NULL_CONVERSION = YES;
				CLANG_WARN_OBJC_IMPLICIT_RETAIN_SELF = YES;
				CLANG_WARN_OBJC_LITERAL_CONVERSION = YES;
				CLANG_WARN_OBJC_ROOT_CLASS = YES_ERROR;
				CLANG_WARN_QUOTED_INCLUDE_IN_FRAMEWORK_HEADER = YES;
				CLANG_WARN_RANGE_LOOP_ANALYSIS = YES;
				CLANG_WARN_STRICT_PROTOTYPES = YES;
				CLANG_WARN_SUSPICIOUS_MOVE = YES;
				CLANG_WARN_UNGUARDED_AVAILABILITY = YES_AGGRESSIVE;
				CLANG_WARN_UNREACHABLE_CODE = YES;
				CLANG_WARN__DUPLICATE_METHOD_MATCH = YES;
				COPY_PHASE_STRIP = NO;
				DEBUG_INFORMATION_FORMAT = dwarf;
				ENABLE_STRICT_OBJC_MSGSEND = YES;
				ENABLE_TESTABILITY = YES;
				ENABLE_USER_SCRIPT_SANDBOXING = YES;
				GCC_C_LANGUAGE_STANDARD = gnu17;
				GCC_DYNAMIC_NO_PIC = NO;
				GCC_NO_COMMON_BLOCKS = YES;
				GCC_OPTIMIZATION_LEVEL = 0;
				GCC_PREPROCESSOR_DEFINITIONS = (
					"DEBUG=1",
					"$(inherited)",
				);
				GCC_WARN_64_TO_32_BIT_CONVERSION = YES;
				GCC_WARN_ABOUT_RETURN_TYPE = YES_ERROR;
				GCC_WARN_UNDECLARED_SELECTOR = YES;
				GCC_WARN_UNINITIALIZED_AUTOS = YES_AGGRESSIVE;
				GCC_WARN_UNUSED_FUNCTION = YES;
				GCC_WARN_UNUSED_VARIABLE = YES;
				IPHONEOS_DEPLOYMENT_TARGET = 18.2;
				LOCALIZATION_PREFERS_STRING_CATALOGS = YES;
				MTL_ENABLE_DEBUG_INFO = INCLUDE_SOURCE;
				MTL_FAST_MATH = YES;
				ONLY_ACTIVE_ARCH = YES;
				SDKROOT = iphoneos;
				SWIFT_ACTIVE_COMPILATION_CONDITIONS = "DEBUG $(inherited)";
				SWIFT_OPTIMIZATION_LEVEL = "-Onone";
			};
			name = Debug;
		};
		8EDB498E2E98995F001D8733 /* Release */ = {
			isa = XCBuildConfiguration;
			buildSettings = {
				ALWAYS_SEARCH_USER_PATHS = NO;
				ASSETCATALOG_COMPILER_GENERATE_SWIFT_ASSET_SYMBOL_EXTENSIONS = YES;
				CLANG_ANALYZER_NONNULL = YES;
				CLANG_ANALYZER_NUMBER_OBJECT_CONVERSION = YES_AGGRESSIVE;
				CLANG_CXX_LANGUAGE_STANDARD = "gnu++20";
				CLANG_ENABLE_MODULES = YES;
				CLANG_ENABLE_OBJC_ARC = YES;
				CLANG_ENABLE_OBJC_WEAK = YES;
				CLANG_WARN_BLOCK_CAPTURE_AUTORELEASING = YES;
				CLANG_WARN_BOOL_CONVERSION = YES;
				CLANG_WARN_COMMA = YES;
				CLANG_WARN_CONSTANT_CONVERSION = YES;
				CLANG_WARN_DEPRECATED_OBJC_IMPLEMENTATIONS = YES;
				CLANG_WARN_DIRECT_OBJC_ISA_USAGE = YES_ERROR;
				CLANG_WARN_DOCUMENTATION_COMMENTS = YES;
				CLANG_WARN_EMPTY_BODY = YES;
				CLANG_WARN_ENUM_CONVERSION = YES;
				CLANG_WARN_INFINITE_RECURSION = YES;
				CLANG_WARN_INT_CONVERSION = YES;
				CLANG_WARN_NON_LITERAL_NULL_CONVERSION = YES;
				CLANG_WARN_OBJC_IMPLICIT_RETAIN_SELF = YES;
				CLANG_WARN_OBJC_LITERAL_CONVERSION = YES;
				CLANG_WARN_OBJC_ROOT_CLASS = YES_ERROR;
				CLANG_WARN_QUOTED_INCLUDE_IN_FRAMEWORK_HEADER = YES;
				CLANG_WARN_RANGE_LOOP_ANALYSIS = YES;
				CLANG_WARN_STRICT_PROTOTYPES = YES;
				CLANG_WARN_SUSPICIOUS_MOVE = YES;
				CLANG_WARN_UNGUARDED_AVAILABILITY = YES_AGGRESSIVE;
				CLANG_WARN_UNREACHABLE_CODE = YES;
				CLANG_WARN__DUPLICATE_METHOD_MATCH = YES;
				COPY_PHASE_STRIP = NO;
				DEBUG_INFORMATION_FORMAT = "dwarf-with-dsym";
				ENABLE_NS_ASSERTIONS = NO;
				ENABLE_STRICT_OBJC_MSGSEND = YES;
				ENABLE_USER_SCRIPT_SANDBOXING = YES;
				GCC_C_LANGUAGE_STANDARD = gnu17;
				GCC_NO_COMMON_BLOCKS = YES;
				GCC_WARN_64_TO_32_BIT_CONVERSION = YES;
				GCC_WARN_ABOUT_RETURN_TYPE = YES_ERROR;
				GCC_WARN_UNDECLARED_SELECTOR = YES;
				GCC_WARN_UNINITIALIZED_AUTOS = YES_AGGRESSIVE;
				GCC_WARN_UNUSED_FUNCTION = YES;
				GCC_WARN_UNUSED_VARIABLE = YES;
				IPHONEOS_DEPLOYMENT_TARGET = 18.2;
				LOCALIZATION_PREFERS_STRING_CATALOGS = YES;
				MTL_ENABLE_DEBUG_INFO = NO;
				MTL_FAST_MATH = YES;
				SDKROOT = iphoneos;
				SWIFT_COMPILATION_MODE = wholemodule;
				VALIDATE_PRODUCT = YES;
			};
			name = Release;
		};
		8EDB49902E98995F001D8733 /* Debug */ = {
			isa = XCBuildConfiguration;
			buildSettings = {
				ASSETCATALOG_COMPILER_APPICON_NAME = AppIcon;
				ASSETCATALOG_COMPILER_GLOBAL_ACCENT_COLOR_NAME = AccentColor;
				CODE_SIGN_STYLE = Automatic;
				CURRENT_PROJECT_VERSION = 1;
				DEVELOPMENT_ASSET_PATHS = "";
				ENABLE_PREVIEWS = YES;
				GENERATE_INFOPLIST_FILE = YES;
				INFOPLIST_KEY_UIApplicationSceneManifest_Generation = YES;
				INFOPLIST_KEY_UIApplicationSupportsIndirectInputEvents = YES;
				INFOPLIST_KEY_UILaunchScreen_Generation = YES;
				INFOPLIST_KEY_UISupportedInterfaceOrientations_iPad = "UIInterfaceOrientationPortrait UIInterfaceOrientationPortraitUpsideDown UIInterfaceOrientationLandscapeLeft UIInterfaceOrientationLandscapeRight";
				INFOPLIST_KEY_UISupportedInterfaceOrientations_iPhone = "UIInterfaceOrientationPortrait UIInterfaceOrientationLandscapeLeft UIInterfaceOrientationLandscapeRight";
				LD_RUNPATH_SEARCH_PATHS = (
					"$(inherited)",
					"@executable_path/Frameworks",
				);
				MARKETING_VERSION = 1.0;
				PRODUCT_BUNDLE_IDENTIFIER = "com.hd.prakiraan-cuaca";
				PRODUCT_NAME = "$(TARGET_NAME)";
				SWIFT_EMIT_LOC_STRINGS = YES;
				SWIFT_VERSION = 5.0;
				TARGETED_DEVICE_FAMILY = "1,2";
			};
			name = Debug;
		};
		8EDB49912E98995F001D8733 /* Release */ = {
			isa = XCBuildConfiguration;
			buildSettings = {
				ASSETCATALOG_COMPILER_APPICON_NAME = AppIcon;
				ASSETCATALOG_COMPILER_GLOBAL_ACCENT_COLOR_NAME = AccentColor;
				CODE_SIGN_STYLE = Automatic;
				CURRENT_PROJECT_VERSION = 1;
				DEVELOPMENT_ASSET_PATHS = "";
				ENABLE_PREVIEWS = YES;
				GENERATE_INFOPLIST_FILE = YES;
				INFOPLIST_KEY_UIApplicationSceneManifest_Generation = YES;
				INFOPLIST_KEY_UIApplicationSupportsIndirectInputEvents = YES;
				INFOPLIST_KEY_UILaunchScreen_Generation = YES;
				INFOPLIST_KEY_UISupportedInterfaceOrientations_iPad = "UIInterfaceOrientationPortrait UIInterfaceOrientationPortraitUpsideDown UIInterfaceOrientationLandscapeLeft UIInterfaceOrientationLandscapeRight";
				INFOPLIST_KEY_UISupportedInterfaceOrientations_iPhone = "UIInterfaceOrientationPortrait UIInterfaceOrientationLandscapeLeft UIInterfaceOrientationLandscapeRight";
				LD_RUNPATH_SEARCH_PATHS = (
					"$(inherited)",
					"@executable_path/Frameworks",
				);
				MARKETING_VERSION = 1.0;
				PRODUCT_BUNDLE_IDENTIFIER = "com.hd.prakiraan-cuaca";
				PRODUCT_NAME = "$(TARGET_NAME)";
				SWIFT_EMIT_LOC_STRINGS = YES;
				SWIFT_VERSION = 5.0;
				TARGETED_DEVICE_FAMILY = "1,2";
			};
			name = Release;
		};
		8EDB49932E98995F001D8733 /* Debug */ = {
			isa = XCBuildConfiguration;
			buildSettings = {
				BUNDLE_LOADER = "$(TEST_HOST)";
				CODE_SIGN_STYLE = Automatic;
				CURRENT_PROJECT_VERSION = 1;
				GENERATE_INFOPLIST_FILE = YES;
				IPHONEOS_DEPLOYMENT_TARGET = 18.2;
				MARKETING_VERSION = 1.0;
				PRODUCT_BUNDLE_IDENTIFIER = "com.hd.prakiraan-cuacaTests";
				PRODUCT_NAME = "$(TARGET_NAME)";
				SWIFT_EMIT_LOC_STRINGS = NO;
				SWIFT_VERSION = 5.0;
				TARGETED_DEVICE_FAMILY = "1,2";
				TEST_HOST = "$(BUILT_PRODUCTS_DIR)/prakiraan-cuaca.app/$(BUNDLE_EXECUTABLE_FOLDER_PATH)/prakiraan-cuaca";
			};
			name = Debug;
		};
		8EDB49942E98995F001D8733 /* Release */ = {
			isa = XCBuildConfiguration;
			buildSettings = {
				BUNDLE_LOADER = "$(TEST_HOST)";
				CODE_SIGN_STYLE = Automatic;
				CURRENT_PROJECT_VERSION = 1;
				GENERATE_INFOPLIST_FILE = YES;
				IPHONEOS_DEPLOYMENT_TARGET = 18.2;
				MARKETING_VERSION = 1.0;
				PRODUCT_BUNDLE_IDENTIFIER = "com.hd.prakiraan-cuacaTests";
				PRODUCT_NAME = "$(TARGET_NAME)";
				SWIFT_EMIT_LOC_STRINGS = NO;
				SWIFT_VERSION = 5.0;
				TARGETED_DEVICE_FAMILY = "1,2";
				TEST_HOST = "$(BUILT_PRODUCTS_DIR)/prakiraan-cuaca.app/$(BUNDLE_EXECUTABLE_FOLDER_PATH)/prakiraan-cuaca";
			};
			name = Release;
		};
		8EDB49962E98995F001D8733 /* Debug */ = {
			isa = XCBuildConfiguration;
			buildSettings = {
				CODE_SIGN_STYLE = Automatic;
				CURRENT_PROJECT_VERSION = 1;
				GENERATE_INFOPLIST_FILE = YES;
				MARKETING_VERSION = 1.0;
				PRODUCT_BUNDLE_IDENTIFIER = "com.hd.prakiraan-cuacaUITests";
				PRODUCT_NAME = "$(TARGET_NAME)";
				SWIFT_EMIT_LOC_STRINGS = NO;
				SWIFT_VERSION = 5.0;
				TARGETED_DEVICE_FAMILY = "1,2";
				TEST_TARGET_NAME = "prakiraan-cuaca";
			};
			name = Debug;
		};
		8EDB49972E98995F001D8733 /* Release */ = {
			isa = XCBuildConfiguration;
			buildSettings = {
				CODE_SIGN_STYLE = Automatic;
				CURRENT_PROJECT_VERSION = 1;
				GENERATE_INFOPLIST_FILE = YES;
				MARKETING_VERSION = 1.0;
				PRODUCT_BUNDLE_IDENTIFIER = "com.hd.prakiraan-cuacaUITests";
				PRODUCT_NAME = "$(TARGET_NAME)";
				SWIFT_EMIT_LOC_STRINGS = NO;
				SWIFT_VERSION = 5.0;
				TARGETED_DEVICE_FAMILY = "1,2";
				TEST_TARGET_NAME = "prakiraan-cuaca";
			};
			name = Release;
		};
/* End XCBuildConfiguration section */

/* Begin XCConfigurationList section */
		8EDB49662E98995D001D8733 /* Build configuration list for PBXProject "prakiraan-cuaca" */ = {
			isa = XCConfigurationList;
			buildConfigurations = (
				8EDB498D2E98995F001D8733 /* Debug */,
				8EDB498E2E98995F001D8733 /* Release */,
			);
			defaultConfigurationIsVisible = 0;
			defaultConfigurationName = Release;
		};
		8EDB498F2E98995F001D8733 /* Build configuration list for PBXNativeTarget "prakiraan-cuaca" */ = {
			isa = XCConfigurationList;
			buildConfigurations = (
				8EDB49902E98995F001D8733 /* Debug */,
				8EDB49912E98995F001D8733 /* Release */,
			);
			defaultConfigurationIsVisible = 0;
			defaultConfigurationName = Release;
		};
		8EDB49922E98995F001D8733 /* Build configuration list for PBXNativeTarget "prakiraan-cuacaTests" */ = {
			isa = XCConfigurationList;
			buildConfigurations = (
				8EDB49932E98995F001D8733 /* Debug */,
				8EDB49942E98995F001D8733 /* Release */,
			);
			defaultConfigurationIsVisible = 0;
			defaultConfigurationName = Release;
		};
		8EDB49952E98995F001D8733 /* Build configuration list for PBXNativeTarget "prakiraan-cuacaUITests" */ = {
			isa = XCConfigurationList;
			buildConfigurations = (
				8EDB49962E98995F001D8733 /* Debug */,
				8EDB49972E98995F001D8733 /* Release */,
			);
			defaultConfigurationIsVisible = 0;
			defaultConfigurationName = Release;
		};
/* End XCConfigurationList section */

/* Begin XCRemoteSwiftPackageReference section */
		8ECF21702E9F304A0044369D /* XCRemoteSwiftPackageReference "SwiftDraw" */ = {
			isa = XCRemoteSwiftPackageReference;
			repositoryURL = "https://github.com/swhitty/SwiftDraw";
			requirement = {
				kind = upToNextMajorVersion;
				minimumVersion = 0.25.1;
			};
		};
/* End XCRemoteSwiftPackageReference section */

/* Begin XCSwiftPackageProductDependency section */
		8ECF21712E9F304A0044369D /* SwiftDraw */ = {
			isa = XCSwiftPackageProductDependency;
			package = 8ECF21702E9F304A0044369D /* XCRemoteSwiftPackageReference "SwiftDraw" */;
			productName = SwiftDraw;
		};
/* End XCSwiftPackageProductDependency section */
	};
	rootObject = 8EDB49632E98995D001D8733 /* Project object */;
}
